// !$*UTF8*$!
{
	archiveVersion = 1;
	classes = {
	};
	objectVersion = 50;
	objects = {

/* Begin PBXBuildFile section */
		55E3D5E226E5ED720099C8CE /* QRcode_readerApp.swift in Sources */ = {isa = PBXBuildFile; fileRef = 55E3D5E126E5ED720099C8CE /* QRcode_readerApp.swift */; };
		55E3D5E426E5ED720099C8CE /* ContentView.swift in Sources */ = {isa = PBXBuildFile; fileRef = 55E3D5E326E5ED720099C8CE /* ContentView.swift */; };
		55E3D5E626E5ED760099C8CE /* Assets.xcassets in Resources */ = {isa = PBXBuildFile; fileRef = 55E3D5E526E5ED760099C8CE /* Assets.xcassets */; };
		55E3D5E926E5ED760099C8CE /* Preview Assets.xcassets in Resources */ = {isa = PBXBuildFile; fileRef = 55E3D5E826E5ED760099C8CE /* Preview Assets.xcassets */; };
		55E3D5F226E5EEA10099C8CE /* CodeScannerView.swift in Sources */ = {isa = PBXBuildFile; fileRef = 55E3D5F126E5EEA10099C8CE /* CodeScannerView.swift */; };
		55E3D5F726E5F02F0099C8CE /* QRCodeScannerExampleView.swift in Sources */ = {isa = PBXBuildFile; fileRef = 55E3D5F626E5F02F0099C8CE /* QRCodeScannerExampleView.swift */; };
/* End PBXBuildFile section */

/* Begin PBXFileReference section */
		55E3D5DE26E5ED720099C8CE /* QRcode_reader.app */ = {isa = PBXFileReference; explicitFileType = wrapper.application; includeInIndex = 0; path = QRcode_reader.app; sourceTree = BUILT_PRODUCTS_DIR; };
		55E3D5E126E5ED720099C8CE /* QRcode_readerApp.swift */ = {isa = PBXFileReference; lastKnownFileType = sourcecode.swift; path = QRcode_readerApp.swift; sourceTree = "<group>"; };
		55E3D5E326E5ED720099C8CE /* ContentView.swift */ = {isa = PBXFileReference; lastKnownFileType = sourcecode.swift; path = ContentView.swift; sourceTree = "<group>"; };
		55E3D5E526E5ED760099C8CE /* Assets.xcassets */ = {isa = PBXFileReference; lastKnownFileType = folder.assetcatalog; path = Assets.xcassets; sourceTree = "<group>"; };
		55E3D5E826E5ED760099C8CE /* Preview Assets.xcassets */ = {isa = PBXFileReference; lastKnownFileType = folder.assetcatalog; path = "Preview Assets.xcassets"; sourceTree = "<group>"; };
		55E3D5EA26E5ED760099C8CE /* Info.plist */ = {isa = PBXFileReference; lastKnownFileType = text.plist.xml; path = Info.plist; sourceTree = "<group>"; };
		55E3D5F126E5EEA10099C8CE /* CodeScannerView.swift */ = {isa = PBXFileReference; lastKnownFileType = sourcecode.swift; path = CodeScannerView.swift; sourceTree = "<group>"; };
		55E3D5F626E5F02F0099C8CE /* QRCodeScannerExampleView.swift */ = {isa = PBXFileReference; lastKnownFileType = sourcecode.swift; path = QRCodeScannerExampleView.swift; sourceTree = "<group>"; };
/* End PBXFileReference section */

/* Begin PBXFrameworksBuildPhase section */
		55E3D5DB26E5ED720099C8CE /* Frameworks */ = {
			isa = PBXFrameworksBuildPhase;
			buildActionMask = 2147483647;
			files = (
			);
			runOnlyForDeploymentPostprocessing = 0;
		};
/* End PBXFrameworksBuildPhase section */

/* Begin PBXGroup section */
		55E3D5D526E5ED720099C8CE = {
			isa = PBXGroup;
			children = (
				55E3D5E026E5ED720099C8CE /* QRcode_reader */,
				55E3D5DF26E5ED720099C8CE /* Products */,
			);
			sourceTree = "<group>";
		};
		55E3D5DF26E5ED720099C8CE /* Products */ = {
			isa = PBXGroup;
			children = (
				55E3D5DE26E5ED720099C8CE /* QRcode_reader.app */,
			);
			name = Products;
			sourceTree = "<group>";
		};
		55E3D5E026E5ED720099C8CE /* QRcode_reader */ = {
			isa = PBXGroup;
			children = (
				55E3D5F426E5EEAB0099C8CE /* QRCodeScanner */,
				55E3D5E126E5ED720099C8CE /* QRcode_readerApp.swift */,
				55E3D5F626E5F02F0099C8CE /* QRCodeScannerExampleView.swift */,
				55E3D5E326E5ED720099C8CE /* ContentView.swift */,
				55E3D5E526E5ED760099C8CE /* Assets.xcassets */,
				55E3D5EA26E5ED760099C8CE /* Info.plist */,
				55E3D5E726E5ED760099C8CE /* Preview Content */,
			);
			path = QRcode_reader;
			sourceTree = "<group>";
		};
		55E3D5E726E5ED760099C8CE /* Preview Content */ = {
			isa = PBXGroup;
			children = (
				55E3D5E826E5ED760099C8CE /* Preview Assets.xcassets */,
			);
			path = "Preview Content";
			sourceTree = "<group>";
		};
		55E3D5F426E5EEAB0099C8CE /* QRCodeScanner */ = {
			isa = PBXGroup;
			children = (
				55E3D5F126E5EEA10099C8CE /* CodeScannerView.swift */,
			);
			path = QRCodeScanner;
			sourceTree = "<group>";
		};
/* End PBXGroup section */

/* Begin PBXNativeTarget section */
		55E3D5DD26E5ED720099C8CE /* QRcode_reader */ = {
			isa = PBXNativeTarget;
			buildConfigurationList = 55E3D5ED26E5ED760099C8CE /* Build configuration list for PBXNativeTarget "QRcode_reader" */;
			buildPhases = (
				55E3D5DA26E5ED720099C8CE /* Sources */,
				55E3D5DB26E5ED720099C8CE /* Frameworks */,
				55E3D5DC26E5ED720099C8CE /* Resources */,
			);
			buildRules = (
			);
			dependencies = (
			);
			name = QRcode_reader;
			productName = QRcode_reader;
			productReference = 55E3D5DE26E5ED720099C8CE /* QRcode_reader.app */;
			productType = "com.apple.product-type.application";
		};
/* End PBXNativeTarget section */

/* Begin PBXProject section */
		55E3D5D626E5ED720099C8CE /* Project object */ = {
			isa = PBXProject;
			attributes = {
				LastSwiftUpdateCheck = 1240;
				LastUpgradeCheck = 1240;
				TargetAttributes = {
					55E3D5DD26E5ED720099C8CE = {
						CreatedOnToolsVersion = 12.4;
					};
				};
			};
			buildConfigurationList = 55E3D5D926E5ED720099C8CE /* Build configuration list for PBXProject "QRcode_reader" */;
			compatibilityVersion = "Xcode 9.3";
			developmentRegion = en;
			hasScannedForEncodings = 0;
			knownRegions = (
				en,
				Base,
			);
			mainGroup = 55E3D5D526E5ED720099C8CE;
			productRefGroup = 55E3D5DF26E5ED720099C8CE /* Products */;
			projectDirPath = "";
			projectRoot = "";
			targets = (
				55E3D5DD26E5ED720099C8CE /* QRcode_reader */,
			);
		};
/* End PBXProject section */

/* Begin PBXResourcesBuildPhase section */
		55E3D5DC26E5ED720099C8CE /* Resources */ = {
			isa = PBXResourcesBuildPhase;
			buildActionMask = 2147483647;
			files = (
				55E3D5E926E5ED760099C8CE /* Preview Assets.xcassets in Resources */,
				55E3D5E626E5ED760099C8CE /* Assets.xcassets in Resources */,
			);
			runOnlyForDeploymentPostprocessing = 0;
		};
/* End PBXResourcesBuildPhase section */

/* Begin PBXSourcesBuildPhase section */
		55E3D5DA26E5ED720099C8CE /* Sources */ = {
			isa = PBXSourcesBuildPhase;
			buildActionMask = 2147483647;
			files = (
				55E3D5F726E5F02F0099C8CE /* QRCodeScannerExampleView.swift in Sources */,
				55E3D5E426E5ED720099C8CE /* ContentView.swift in Sources */,
				55E3D5F226E5EEA10099C8CE /* CodeScannerView.swift in Sources */,
				55E3D5E226E5ED720099C8CE /* QRcode_readerApp.swift in Sources */,
			);
			runOnlyForDeploymentPostprocessing = 0;
		};
/* End PBXSourcesBuildPhase section */

/* Begin XCBuildConfiguration section */
		55E3D5EB26E5ED760099C8CE /* Debug */ = {
			isa = XCBuildConfiguration;
			buildSettings = {
				ALWAYS_SEARCH_USER_PATHS = NO;
				CLANG_ANALYZER_NONNULL = YES;
				CLANG_ANALYZER_NUMBER_OBJECT_CONVERSION = YES_AGGRESSIVE;
				CLANG_CXX_LANGUAGE_STANDARD = "gnu++14";
				CLANG_CXX_LIBRARY = "libc++";
				CLANG_ENABLE_MODULES = YES;
				CLANG_ENABLE_OBJC_ARC = YES;
				CLANG_ENABLE_OBJC_WEAK = YES;
				CLANG_WARN_BLOCK_CAPTURE_AUTORELEASING = YES;
				CLANG_WARN_BOOL_CONVERSION = YES;
				CLANG_WARN_COMMA = YES;
				CLANG_WARN_CONSTANT_CONVERSION = YES;
				CLANG_WARN_DEPRECATED_OBJC_IMPLEMENTATIONS = YES;
				CLANG_WARN_DIRECT_OBJC_ISA_USAGE = YES_ERROR;
				CLANG_WARN_DOCUMENTATION_COMMENTS = YES;
				CLANG_WARN_EMPTY_BODY = YES;
				CLANG_WARN_ENUM_CONVERSION = YES;
				CLANG_WARN_INFINITE_RECURSION = YES;
				CLANG_WARN_INT_CONVERSION = YES;
				CLANG_WARN_NON_LITERAL_NULL_CONVERSION = YES;
				CLANG_WARN_OBJC_IMPLICIT_RETAIN_SELF = YES;
				CLANG_WARN_OBJC_LITERAL_CONVERSION = YES;
				CLANG_WARN_OBJC_ROOT_CLASS = YES_ERROR;
				CLANG_WARN_QUOTED_INCLUDE_IN_FRAMEWORK_HEADER = YES;
				CLANG_WARN_RANGE_LOOP_ANALYSIS = YES;
				CLANG_WARN_STRICT_PROTOTYPES = YES;
				CLANG_WARN_SUSPICIOUS_MOVE = YES;
				CLANG_WARN_UNGUARDED_AVAILABILITY = YES_AGGRESSIVE;
				CLANG_WARN_UNREACHABLE_CODE = YES;
				CLANG_WARN__DUPLICATE_METHOD_MATCH = YES;
				COPY_PHASE_STRIP = NO;
				DEBUG_INFORMATION_FORMAT = dwarf;
				ENABLE_STRICT_OBJC_MSGSEND = YES;
				ENABLE_TESTABILITY = YES;
				GCC_C_LANGUAGE_STANDARD = gnu11;
				GCC_DYNAMIC_NO_PIC = NO;
				GCC_NO_COMMON_BLOCKS = YES;
				GCC_OPTIMIZATION_LEVEL = 0;
				GCC_PREPROCESSOR_DEFINITIONS = (
					"DEBUG=1",
					"$(inherited)",
				);
				GCC_WARN_64_TO_32_BIT_CONVERSION = YES;
				GCC_WARN_ABOUT_RETURN_TYPE = YES_ERROR;
				GCC_WARN_UNDECLARED_SELECTOR = YES;
				GCC_WARN_UNINITIALIZED_AUTOS = YES_AGGRESSIVE;
				GCC_WARN_UNUSED_FUNCTION = YES;
				GCC_WARN_UNUSED_VARIABLE = YES;
				IPHONEOS_DEPLOYMENT_TARGET = 14.4;
				MTL_ENABLE_DEBUG_INFO = INCLUDE_SOURCE;
				MTL_FAST_MATH = YES;
				ONLY_ACTIVE_ARCH = YES;
				SDKROOT = iphoneos;
				SWIFT_ACTIVE_COMPILATION_CONDITIONS = DEBUG;
				SWIFT_OPTIMIZATION_LEVEL = "-Onone";
			};
			name = Debug;
		};
		55E3D5EC26E5ED760099C8CE /* Release */ = {
			isa = XCBuildConfiguration;
			buildSettings = {
				ALWAYS_SEARCH_USER_PATHS = NO;
				CLANG_ANALYZER_NONNULL = YES;
				CLANG_ANALYZER_NUMBER_OBJECT_CONVERSION = YES_AGGRESSIVE;
				CLANG_CXX_LANGUAGE_STANDARD = "gnu++14";
				CLANG_CXX_LIBRARY = "libc++";
				CLANG_ENABLE_MODULES = YES;
				CLANG_ENABLE_OBJC_ARC = YES;
				CLANG_ENABLE_OBJC_WEAK = YES;
				CLANG_WARN_BLOCK_CAPTURE_AUTORELEASING = YES;
				CLANG_WARN_BOOL_CONVERSION = YES;
				CLANG_WARN_COMMA = YES;
				CLANG_WARN_CONSTANT_CONVERSION = YES;
				CLANG_WARN_DEPRECATED_OBJC_IMPLEMENTATIONS = YES;
				CLANG_WARN_DIRECT_OBJC_ISA_USAGE = YES_ERROR;
				CLANG_WARN_DOCUMENTATION_COMMENTS = YES;
				CLANG_WARN_EMPTY_BODY = YES;
				CLANG_WARN_ENUM_CONVERSION = YES;
				CLANG_WARN_INFINITE_RECURSION = YES;
				CLANG_WARN_INT_CONVERSION = YES;
				CLANG_WARN_NON_LITERAL_NULL_CONVERSION = YES;
				CLANG_WARN_OBJC_IMPLICIT_RETAIN_SELF = YES;
				CLANG_WARN_OBJC_LITERAL_CONVERSION = YES;
				CLANG_WARN_OBJC_ROOT_CLASS = YES_ERROR;
				CLANG_WARN_QUOTED_INCLUDE_IN_FRAMEWORK_HEADER = YES;
				CLANG_WARN_RANGE_LOOP_ANALYSIS = YES;
				CLANG_WARN_STRICT_PROTOTYPES = YES;
				CLANG_WARN_SUSPICIOUS_MOVE = YES;
				CLANG_WARN_UNGUARDED_AVAILABILITY = YES_AGGRESSIVE;
				CLANG_WARN_UNREACHABLE_CODE = YES;
				CLANG_WARN__DUPLICATE_METHOD_MATCH = YES;
				COPY_PHASE_STRIP = NO;
				DEBUG_INFORMATION_FORMAT = "dwarf-with-dsym";
				ENABLE_NS_ASSERTIONS = NO;
				ENABLE_STRICT_OBJC_MSGSEND = YES;
				GCC_C_LANGUAGE_STANDARD = gnu11;
				GCC_NO_COMMON_BLOCKS = YES;
				GCC_WARN_64_TO_32_BIT_CONVERSION = YES;
				GCC_WARN_ABOUT_RETURN_TYPE = YES_ERROR;
				GCC_WARN_UNDECLARED_SELECTOR = YES;
				GCC_WARN_UNINITIALIZED_AUTOS = YES_AGGRESSIVE;
				GCC_WARN_UNUSED_FUNCTION = YES;
				GCC_WARN_UNUSED_VARIABLE = YES;
				IPHONEOS_DEPLOYMENT_TARGET = 14.4;
				MTL_ENABLE_DEBUG_INFO = NO;
				MTL_FAST_MATH = YES;
				SDKROOT = iphoneos;
				SWIFT_COMPILATION_MODE = wholemodule;
				SWIFT_OPTIMIZATION_LEVEL = "-O";
				VALIDATE_PRODUCT = YES;
			};
			name = Release;
		};
		55E3D5EE26E5ED760099C8CE /* Debug */ = {
			isa = XCBuildConfiguration;
			buildSettings = {
				ASSETCATALOG_COMPILER_APPICON_NAME = AppIcon;
				ASSETCATALOG_COMPILER_GLOBAL_ACCENT_COLOR_NAME = AccentColor;
				CODE_SIGN_STYLE = Automatic;
				DEVELOPMENT_ASSET_PATHS = "\"QRcode_reader/Preview Content\"";
				DEVELOPMENT_TEAM = 49C98WAKUL;
				ENABLE_PREVIEWS = YES;
				INFOPLIST_FILE = QRcode_reader/Info.plist;
				IPHONEOS_DEPLOYMENT_TARGET = 14.0;
				LD_RUNPATH_SEARCH_PATHS = (
					"$(inherited)",
					"@executable_path/Frameworks",
				);
				PRODUCT_BUNDLE_IDENTIFIER = "com.QRcode-reader";
				PRODUCT_NAME = "$(TARGET_NAME)";
				SWIFT_VERSION = 5.0;
				TARGETED_DEVICE_FAMILY = "1,2";
			};
			name = Debug;
		};
		55E3D5EF26E5ED760099C8CE /* Release */ = {
			isa = XCBuildConfiguration;
			buildSettings = {
				ASSETCATALOG_COMPILER_APPICON_NAME = AppIcon;
				ASSETCATALOG_COMPILER_GLOBAL_ACCENT_COLOR_NAME = AccentColor;
				CODE_SIGN_STYLE = Automatic;
				DEVELOPMENT_ASSET_PATHS = "\"QRcode_reader/Preview Content\"";
				DEVELOPMENT_TEAM = 49C98WAKUL;
				ENABLE_PREVIEWS = YES;
				INFOPLIST_FILE = QRcode_reader/Info.plist;
				IPHONEOS_DEPLOYMENT_TARGET = 14.0;
				LD_RUNPATH_SEARCH_PATHS = (
					"$(inherited)",
					"@executable_path/Frameworks",
				);
				PRODUCT_BUNDLE_IDENTIFIER = "com.QRcode-reader";
				PRODUCT_NAME = "$(TARGET_NAME)";
				SWIFT_VERSION = 5.0;
				TARGETED_DEVICE_FAMILY = "1,2";
			};
			name = Release;
		};
/* End XCBuildConfiguration section */

/* Begin XCConfigurationList section */
		55E3D5D926E5ED720099C8CE /* Build configuration list for PBXProject "QRcode_reader" */ = {
			isa = XCConfigurationList;
			buildConfigurations = (
				55E3D5EB26E5ED760099C8CE /* Debug */,
				55E3D5EC26E5ED760099C8CE /* Release */,
			);
			defaultConfigurationIsVisible = 0;
			defaultConfigurationName = Release;
		};
		55E3D5ED26E5ED760099C8CE /* Build configuration list for PBXNativeTarget "QRcode_reader" */ = {
			isa = XCConfigurationList;
			buildConfigurations = (
				55E3D5EE26E5ED760099C8CE /* Debug */,
				55E3D5EF26E5ED760099C8CE /* Release */,
			);
			defaultConfigurationIsVisible = 0;
			defaultConfigurationName = Release;
		};
/* End XCConfigurationList section */
	};
	rootObject = 55E3D5D626E5ED720099C8CE /* Project object */;
}
