// !$*UTF8*$!
{
	archiveVersion = 1;
	classes = {
	};
	objectVersion = 50;
	objects = {

/* Begin PBXBuildFile section */
		55CE49DC26FDB42300EAF5A7 /* DipperLinkApp.swift in Sources */ = {isa = PBXBuildFile; fileRef = 55CE49DB26FDB42300EAF5A7 /* DipperLinkApp.swift */; };
		55CE49DE26FDB42300EAF5A7 /* ContentView.swift in Sources */ = {isa = PBXBuildFile; fileRef = 55CE49DD26FDB42300EAF5A7 /* ContentView.swift */; };
		55CE49E026FDB42600EAF5A7 /* Assets.xcassets in Resources */ = {isa = PBXBuildFile; fileRef = 55CE49DF26FDB42600EAF5A7 /* Assets.xcassets */; };
		55CE49E326FDB42600EAF5A7 /* Preview Assets.xcassets in Resources */ = {isa = PBXBuildFile; fileRef = 55CE49E226FDB42600EAF5A7 /* Preview Assets.xcassets */; };
		55CE49EC26FDB54800EAF5A7 /* TodosView.swift in Sources */ = {isa = PBXBuildFile; fileRef = 55CE49EB26FDB54800EAF5A7 /* TodosView.swift */; };
		55CE49F026FDBA5400EAF5A7 /* ProvileView.swift in Sources */ = {isa = PBXBuildFile; fileRef = 55CE49EF26FDBA5400EAF5A7 /* ProvileView.swift */; };
/* End PBXBuildFile section */

/* Begin PBXFileReference section */
		55CE49D826FDB42300EAF5A7 /* DipperLink.app */ = {isa = PBXFileReference; explicitFileType = wrapper.application; includeInIndex = 0; path = DipperLink.app; sourceTree = BUILT_PRODUCTS_DIR; };
		55CE49DB26FDB42300EAF5A7 /* DipperLinkApp.swift */ = {isa = PBXFileReference; lastKnownFileType = sourcecode.swift; path = DipperLinkApp.swift; sourceTree = "<group>"; };
		55CE49DD26FDB42300EAF5A7 /* ContentView.swift */ = {isa = PBXFileReference; lastKnownFileType = sourcecode.swift; path = ContentView.swift; sourceTree = "<group>"; };
		55CE49DF26FDB42600EAF5A7 /* Assets.xcassets */ = {isa = PBXFileReference; lastKnownFileType = folder.assetcatalog; path = Assets.xcassets; sourceTree = "<group>"; };
		55CE49E226FDB42600EAF5A7 /* Preview Assets.xcassets */ = {isa = PBXFileReference; lastKnownFileType = folder.assetcatalog; path = "Preview Assets.xcassets"; sourceTree = "<group>"; };
		55CE49E426FDB42600EAF5A7 /* Info.plist */ = {isa = PBXFileReference; lastKnownFileType = text.plist.xml; path = Info.plist; sourceTree = "<group>"; };
		55CE49EB26FDB54800EAF5A7 /* TodosView.swift */ = {isa = PBXFileReference; lastKnownFileType = sourcecode.swift; path = TodosView.swift; sourceTree = "<group>"; };
		55CE49EF26FDBA5400EAF5A7 /* ProvileView.swift */ = {isa = PBXFileReference; lastKnownFileType = sourcecode.swift; path = ProvileView.swift; sourceTree = "<group>"; };
/* End PBXFileReference section */

/* Begin PBXFrameworksBuildPhase section */
		55CE49D526FDB42300EAF5A7 /* Frameworks */ = {
			isa = PBXFrameworksBuildPhase;
			buildActionMask = 2147483647;
			files = (
			);
			runOnlyForDeploymentPostprocessing = 0;
		};
/* End PBXFrameworksBuildPhase section */

/* Begin PBXGroup section */
		55CE49CF26FDB42300EAF5A7 = {
			isa = PBXGroup;
			children = (
				55CE49DA26FDB42300EAF5A7 /* DipperLink */,
				55CE49D926FDB42300EAF5A7 /* Products */,
			);
			sourceTree = "<group>";
		};
		55CE49D926FDB42300EAF5A7 /* Products */ = {
			isa = PBXGroup;
			children = (
				55CE49D826FDB42300EAF5A7 /* DipperLink.app */,
			);
			name = Products;
			sourceTree = "<group>";
		};
		55CE49DA26FDB42300EAF5A7 /* DipperLink */ = {
			isa = PBXGroup;
			children = (
				55CE49DB26FDB42300EAF5A7 /* DipperLinkApp.swift */,
				55CE49EF26FDBA5400EAF5A7 /* ProvileView.swift */,
				55CE49DD26FDB42300EAF5A7 /* ContentView.swift */,
				55CE49EB26FDB54800EAF5A7 /* TodosView.swift */,
				55CE49DF26FDB42600EAF5A7 /* Assets.xcassets */,
				55CE49E426FDB42600EAF5A7 /* Info.plist */,
				55CE49E126FDB42600EAF5A7 /* Preview Content */,
			);
			path = DipperLink;
			sourceTree = "<group>";
		};
		55CE49E126FDB42600EAF5A7 /* Preview Content */ = {
			isa = PBXGroup;
			children = (
				55CE49E226FDB42600EAF5A7 /* Preview Assets.xcassets */,
			);
			path = "Preview Content";
			sourceTree = "<group>";
		};
/* End PBXGroup section */

/* Begin PBXNativeTarget section */
		55CE49D726FDB42300EAF5A7 /* DipperLink */ = {
			isa = PBXNativeTarget;
			buildConfigurationList = 55CE49E726FDB42600EAF5A7 /* Build configuration list for PBXNativeTarget "DipperLink" */;
			buildPhases = (
				55CE49D426FDB42300EAF5A7 /* Sources */,
				55CE49D526FDB42300EAF5A7 /* Frameworks */,
				55CE49D626FDB42300EAF5A7 /* Resources */,
			);
			buildRules = (
			);
			dependencies = (
			);
			name = DipperLink;
			productName = DipperLink;
			productReference = 55CE49D826FDB42300EAF5A7 /* DipperLink.app */;
			productType = "com.apple.product-type.application";
		};
/* End PBXNativeTarget section */

/* Begin PBXProject section */
		55CE49D026FDB42300EAF5A7 /* Project object */ = {
			isa = PBXProject;
			attributes = {
				LastSwiftUpdateCheck = 1240;
				LastUpgradeCheck = 1240;
				TargetAttributes = {
					55CE49D726FDB42300EAF5A7 = {
						CreatedOnToolsVersion = 12.4;
					};
				};
			};
			buildConfigurationList = 55CE49D326FDB42300EAF5A7 /* Build configuration list for PBXProject "DipperLink" */;
			compatibilityVersion = "Xcode 9.3";
			developmentRegion = en;
			hasScannedForEncodings = 0;
			knownRegions = (
				en,
				Base,
			);
			mainGroup = 55CE49CF26FDB42300EAF5A7;
			productRefGroup = 55CE49D926FDB42300EAF5A7 /* Products */;
			projectDirPath = "";
			projectRoot = "";
			targets = (
				55CE49D726FDB42300EAF5A7 /* DipperLink */,
			);
		};
/* End PBXProject section */

/* Begin PBXResourcesBuildPhase section */
		55CE49D626FDB42300EAF5A7 /* Resources */ = {
			isa = PBXResourcesBuildPhase;
			buildActionMask = 2147483647;
			files = (
				55CE49E326FDB42600EAF5A7 /* Preview Assets.xcassets in Resources */,
				55CE49E026FDB42600EAF5A7 /* Assets.xcassets in Resources */,
			);
			runOnlyForDeploymentPostprocessing = 0;
		};
/* End PBXResourcesBuildPhase section */

/* Begin PBXSourcesBuildPhase section */
		55CE49D426FDB42300EAF5A7 /* Sources */ = {
			isa = PBXSourcesBuildPhase;
			buildActionMask = 2147483647;
			files = (
				55CE49F026FDBA5400EAF5A7 /* ProvileView.swift in Sources */,
				55CE49DE26FDB42300EAF5A7 /* ContentView.swift in Sources */,
				55CE49EC26FDB54800EAF5A7 /* TodosView.swift in Sources */,
				55CE49DC26FDB42300EAF5A7 /* DipperLinkApp.swift in Sources */,
			);
			runOnlyForDeploymentPostprocessing = 0;
		};
/* End PBXSourcesBuildPhase section */

/* Begin XCBuildConfiguration section */
		55CE49E526FDB42600EAF5A7 /* Debug */ = {
			isa = XCBuildConfiguration;
			buildSettings = {
				ALWAYS_SEARCH_USER_PATHS = NO;
				CLANG_ANALYZER_NONNULL = YES;
				CLANG_ANALYZER_NUMBER_OBJECT_CONVERSION = YES_AGGRESSIVE;
				CLANG_CXX_LANGUAGE_STANDARD = "gnu++14";
				CLANG_CXX_LIBRARY = "libc++";
				CLANG_ENABLE_MODULES = YES;
				CLANG_ENABLE_OBJC_ARC = YES;
				CLANG_ENABLE_OBJC_WEAK = YES;
				CLANG_WARN_BLOCK_CAPTURE_AUTORELEASING = YES;
				CLANG_WARN_BOOL_CONVERSION = YES;
				CLANG_WARN_COMMA = YES;
				CLANG_WARN_CONSTANT_CONVERSION = YES;
				CLANG_WARN_DEPRECATED_OBJC_IMPLEMENTATIONS = YES;
				CLANG_WARN_DIRECT_OBJC_ISA_USAGE = YES_ERROR;
				CLANG_WARN_DOCUMENTATION_COMMENTS = YES;
				CLANG_WARN_EMPTY_BODY = YES;
				CLANG_WARN_ENUM_CONVERSION = YES;
				CLANG_WARN_INFINITE_RECURSION = YES;
				CLANG_WARN_INT_CONVERSION = YES;
				CLANG_WARN_NON_LITERAL_NULL_CONVERSION = YES;
				CLANG_WARN_OBJC_IMPLICIT_RETAIN_SELF = YES;
				CLANG_WARN_OBJC_LITERAL_CONVERSION = YES;
				CLANG_WARN_OBJC_ROOT_CLASS = YES_ERROR;
				CLANG_WARN_QUOTED_INCLUDE_IN_FRAMEWORK_HEADER = YES;
				CLANG_WARN_RANGE_LOOP_ANALYSIS = YES;
				CLANG_WARN_STRICT_PROTOTYPES = YES;
				CLANG_WARN_SUSPICIOUS_MOVE = YES;
				CLANG_WARN_UNGUARDED_AVAILABILITY = YES_AGGRESSIVE;
				CLANG_WARN_UNREACHABLE_CODE = YES;
				CLANG_WARN__DUPLICATE_METHOD_MATCH = YES;
				COPY_PHASE_STRIP = NO;
				DEBUG_INFORMATION_FORMAT = dwarf;
				ENABLE_STRICT_OBJC_MSGSEND = YES;
				ENABLE_TESTABILITY = YES;
				GCC_C_LANGUAGE_STANDARD = gnu11;
				GCC_DYNAMIC_NO_PIC = NO;
				GCC_NO_COMMON_BLOCKS = YES;
				GCC_OPTIMIZATION_LEVEL = 0;
				GCC_PREPROCESSOR_DEFINITIONS = (
					"DEBUG=1",
					"$(inherited)",
				);
				GCC_WARN_64_TO_32_BIT_CONVERSION = YES;
				GCC_WARN_ABOUT_RETURN_TYPE = YES_ERROR;
				GCC_WARN_UNDECLARED_SELECTOR = YES;
				GCC_WARN_UNINITIALIZED_AUTOS = YES_AGGRESSIVE;
				GCC_WARN_UNUSED_FUNCTION = YES;
				GCC_WARN_UNUSED_VARIABLE = YES;
				IPHONEOS_DEPLOYMENT_TARGET = 14.4;
				MTL_ENABLE_DEBUG_INFO = INCLUDE_SOURCE;
				MTL_FAST_MATH = YES;
				ONLY_ACTIVE_ARCH = YES;
				SDKROOT = iphoneos;
				SWIFT_ACTIVE_COMPILATION_CONDITIONS = DEBUG;
				SWIFT_OPTIMIZATION_LEVEL = "-Onone";
			};
			name = Debug;
		};
		55CE49E626FDB42600EAF5A7 /* Release */ = {
			isa = XCBuildConfiguration;
			buildSettings = {
				ALWAYS_SEARCH_USER_PATHS = NO;
				CLANG_ANALYZER_NONNULL = YES;
				CLANG_ANALYZER_NUMBER_OBJECT_CONVERSION = YES_AGGRESSIVE;
				CLANG_CXX_LANGUAGE_STANDARD = "gnu++14";
				CLANG_CXX_LIBRARY = "libc++";
				CLANG_ENABLE_MODULES = YES;
				CLANG_ENABLE_OBJC_ARC = YES;
				CLANG_ENABLE_OBJC_WEAK = YES;
				CLANG_WARN_BLOCK_CAPTURE_AUTORELEASING = YES;
				CLANG_WARN_BOOL_CONVERSION = YES;
				CLANG_WARN_COMMA = YES;
				CLANG_WARN_CONSTANT_CONVERSION = YES;
				CLANG_WARN_DEPRECATED_OBJC_IMPLEMENTATIONS = YES;
				CLANG_WARN_DIRECT_OBJC_ISA_USAGE = YES_ERROR;
				CLANG_WARN_DOCUMENTATION_COMMENTS = YES;
				CLANG_WARN_EMPTY_BODY = YES;
				CLANG_WARN_ENUM_CONVERSION = YES;
				CLANG_WARN_INFINITE_RECURSION = YES;
				CLANG_WARN_INT_CONVERSION = YES;
				CLANG_WARN_NON_LITERAL_NULL_CONVERSION = YES;
				CLANG_WARN_OBJC_IMPLICIT_RETAIN_SELF = YES;
				CLANG_WARN_OBJC_LITERAL_CONVERSION = YES;
				CLANG_WARN_OBJC_ROOT_CLASS = YES_ERROR;
				CLANG_WARN_QUOTED_INCLUDE_IN_FRAMEWORK_HEADER = YES;
				CLANG_WARN_RANGE_LOOP_ANALYSIS = YES;
				CLANG_WARN_STRICT_PROTOTYPES = YES;
				CLANG_WARN_SUSPICIOUS_MOVE = YES;
				CLANG_WARN_UNGUARDED_AVAILABILITY = YES_AGGRESSIVE;
				CLANG_WARN_UNREACHABLE_CODE = YES;
				CLANG_WARN__DUPLICATE_METHOD_MATCH = YES;
				COPY_PHASE_STRIP = NO;
				DEBUG_INFORMATION_FORMAT = "dwarf-with-dsym";
				ENABLE_NS_ASSERTIONS = NO;
				ENABLE_STRICT_OBJC_MSGSEND = YES;
				GCC_C_LANGUAGE_STANDARD = gnu11;
				GCC_NO_COMMON_BLOCKS = YES;
				GCC_WARN_64_TO_32_BIT_CONVERSION = YES;
				GCC_WARN_ABOUT_RETURN_TYPE = YES_ERROR;
				GCC_WARN_UNDECLARED_SELECTOR = YES;
				GCC_WARN_UNINITIALIZED_AUTOS = YES_AGGRESSIVE;
				GCC_WARN_UNUSED_FUNCTION = YES;
				GCC_WARN_UNUSED_VARIABLE = YES;
				IPHONEOS_DEPLOYMENT_TARGET = 14.4;
				MTL_ENABLE_DEBUG_INFO = NO;
				MTL_FAST_MATH = YES;
				SDKROOT = iphoneos;
				SWIFT_COMPILATION_MODE = wholemodule;
				SWIFT_OPTIMIZATION_LEVEL = "-O";
				VALIDATE_PRODUCT = YES;
			};
			name = Release;
		};
		55CE49E826FDB42600EAF5A7 /* Debug */ = {
			isa = XCBuildConfiguration;
			buildSettings = {
				ASSETCATALOG_COMPILER_APPICON_NAME = AppIcon;
				ASSETCATALOG_COMPILER_GLOBAL_ACCENT_COLOR_NAME = AccentColor;
				CODE_SIGN_STYLE = Automatic;
				DEVELOPMENT_ASSET_PATHS = "\"DipperLink/Preview Content\"";
				DEVELOPMENT_TEAM = 49C98WAKUL;
				ENABLE_PREVIEWS = YES;
				INFOPLIST_FILE = DipperLink/Info.plist;
				IPHONEOS_DEPLOYMENT_TARGET = 14.0;
				LD_RUNPATH_SEARCH_PATHS = (
					"$(inherited)",
					"@executable_path/Frameworks",
				);
				PRODUCT_BUNDLE_IDENTIFIER = com.DipperLink;
				PRODUCT_NAME = "$(TARGET_NAME)";
				SWIFT_VERSION = 5.0;
				TARGETED_DEVICE_FAMILY = "1,2";
			};
			name = Debug;
		};
		55CE49E926FDB42600EAF5A7 /* Release */ = {
			isa = XCBuildConfiguration;
			buildSettings = {
				ASSETCATALOG_COMPILER_APPICON_NAME = AppIcon;
				ASSETCATALOG_COMPILER_GLOBAL_ACCENT_COLOR_NAME = AccentColor;
				CODE_SIGN_STYLE = Automatic;
				DEVELOPMENT_ASSET_PATHS = "\"DipperLink/Preview Content\"";
				DEVELOPMENT_TEAM = 49C98WAKUL;
				ENABLE_PREVIEWS = YES;
				INFOPLIST_FILE = DipperLink/Info.plist;
				IPHONEOS_DEPLOYMENT_TARGET = 14.0;
				LD_RUNPATH_SEARCH_PATHS = (
					"$(inherited)",
					"@executable_path/Frameworks",
				);
				PRODUCT_BUNDLE_IDENTIFIER = com.DipperLink;
				PRODUCT_NAME = "$(TARGET_NAME)";
				SWIFT_VERSION = 5.0;
				TARGETED_DEVICE_FAMILY = "1,2";
			};
			name = Release;
		};
/* End XCBuildConfiguration section */

/* Begin XCConfigurationList section */
		55CE49D326FDB42300EAF5A7 /* Build configuration list for PBXProject "DipperLink" */ = {
			isa = XCConfigurationList;
			buildConfigurations = (
				55CE49E526FDB42600EAF5A7 /* Debug */,
				55CE49E626FDB42600EAF5A7 /* Release */,
			);
			defaultConfigurationIsVisible = 0;
			defaultConfigurationName = Release;
		};
		55CE49E726FDB42600EAF5A7 /* Build configuration list for PBXNativeTarget "DipperLink" */ = {
			isa = XCConfigurationList;
			buildConfigurations = (
				55CE49E826FDB42600EAF5A7 /* Debug */,
				55CE49E926FDB42600EAF5A7 /* Release */,
			);
			defaultConfigurationIsVisible = 0;
			defaultConfigurationName = Release;
		};
/* End XCConfigurationList section */
	};
	rootObject = 55CE49D026FDB42300EAF5A7 /* Project object */;
}
